// !$*UTF8*$!
{
	archiveVersion = 1;
	classes = {
	};
	objectVersion = 46;
	objects = {

/* Begin PBXBuildFile section */
		302DCDBF1DBBC5D500B611BA /* PostCell.swift in Sources */ = {isa = PBXBuildFile; fileRef = 302DCDBE1DBBC5D500B611BA /* PostCell.swift */; };
		3079FA9C1D96CAE100805373 /* AppDelegate.swift in Sources */ = {isa = PBXBuildFile; fileRef = 3079FA9B1D96CAE100805373 /* AppDelegate.swift */; };
		3079FA9E1D96CAE100805373 /* SignInVC.swift in Sources */ = {isa = PBXBuildFile; fileRef = 3079FA9D1D96CAE100805373 /* SignInVC.swift */; };
		3079FAA11D96CAE100805373 /* Main.storyboard in Resources */ = {isa = PBXBuildFile; fileRef = 3079FA9F1D96CAE100805373 /* Main.storyboard */; };
		3079FAA31D96CAE100805373 /* Assets.xcassets in Resources */ = {isa = PBXBuildFile; fileRef = 3079FAA21D96CAE100805373 /* Assets.xcassets */; };
		3079FAA61D96CAE100805373 /* LaunchScreen.storyboard in Resources */ = {isa = PBXBuildFile; fileRef = 3079FAA41D96CAE100805373 /* LaunchScreen.storyboard */; };
		3079FAB11D96CAE100805373 /* giftWrappTests.swift in Sources */ = {isa = PBXBuildFile; fileRef = 3079FAB01D96CAE100805373 /* giftWrappTests.swift */; };
		3079FABC1D96CAE100805373 /* giftWrappUITests.swift in Sources */ = {isa = PBXBuildFile; fileRef = 3079FABB1D96CAE100805373 /* giftWrappUITests.swift */; };
		3083F0811DBA87E400D80AD1 /* MaterialButton.swift in Sources */ = {isa = PBXBuildFile; fileRef = 3083F0801DBA87E400D80AD1 /* MaterialButton.swift */; };
		3083F0861DBA90EB00D80AD1 /* Bolts.framework in Frameworks */ = {isa = PBXBuildFile; fileRef = 3083F0821DBA90EB00D80AD1 /* Bolts.framework */; };
		3083F0871DBA90EB00D80AD1 /* FBSDKCoreKit.framework in Frameworks */ = {isa = PBXBuildFile; fileRef = 3083F0831DBA90EB00D80AD1 /* FBSDKCoreKit.framework */; };
		3083F0881DBA90EB00D80AD1 /* FBSDKLoginKit.framework in Frameworks */ = {isa = PBXBuildFile; fileRef = 3083F0841DBA90EB00D80AD1 /* FBSDKLoginKit.framework */; };
		3083F0891DBA90EB00D80AD1 /* FBSDKShareKit.framework in Frameworks */ = {isa = PBXBuildFile; fileRef = 3083F0851DBA90EB00D80AD1 /* FBSDKShareKit.framework */; };
		3083F08C1DBABB2D00D80AD1 /* GoogleService-Info.plist in Resources */ = {isa = PBXBuildFile; fileRef = 3083F08B1DBABB2D00D80AD1 /* GoogleService-Info.plist */; };
		3083F08E1DBB416B00D80AD1 /* FeedVCViewController.swift in Sources */ = {isa = PBXBuildFile; fileRef = 3083F08D1DBB416B00D80AD1 /* FeedVCViewController.swift */; };
		30BF1A291DB9326C00BFBBFC /* MaterialView.swift in Sources */ = {isa = PBXBuildFile; fileRef = 30BF1A281DB9326C00BFBBFC /* MaterialView.swift */; };
		30BF1A2C1DB9DAF400BFBBFC /* Constants.swift in Sources */ = {isa = PBXBuildFile; fileRef = 30BF1A2B1DB9DAF400BFBBFC /* Constants.swift */; };
		38AF2B4051545BFB29F99637 /* Pods_giftWrappUITests.framework in Frameworks */ = {isa = PBXBuildFile; fileRef = 926E1BD26CAEFCE154A5FF29 /* Pods_giftWrappUITests.framework */; };
		A30E126A8F100D64CF31161C /* Pods_giftWrappTests.framework in Frameworks */ = {isa = PBXBuildFile; fileRef = 0F9D55D067CBEFFAC13DE0D8 /* Pods_giftWrappTests.framework */; };
		AC7EACB17E35ED714AA29357 /* Pods_giftWrapp.framework in Frameworks */ = {isa = PBXBuildFile; fileRef = C2AEADA87ED186FE2EC610D4 /* Pods_giftWrapp.framework */; };
/* End PBXBuildFile section */

/* Begin PBXContainerItemProxy section */
		3079FAAD1D96CAE100805373 /* PBXContainerItemProxy */ = {
			isa = PBXContainerItemProxy;
			containerPortal = 3079FA901D96CAE100805373 /* Project object */;
			proxyType = 1;
			remoteGlobalIDString = 3079FA971D96CAE100805373;
			remoteInfo = giftWrapp;
		};
		3079FAB81D96CAE100805373 /* PBXContainerItemProxy */ = {
			isa = PBXContainerItemProxy;
			containerPortal = 3079FA901D96CAE100805373 /* Project object */;
			proxyType = 1;
			remoteGlobalIDString = 3079FA971D96CAE100805373;
			remoteInfo = giftWrapp;
		};
/* End PBXContainerItemProxy section */

/* Begin PBXFileReference section */
		0F9D55D067CBEFFAC13DE0D8 /* Pods_giftWrappTests.framework */ = {isa = PBXFileReference; explicitFileType = wrapper.framework; includeInIndex = 0; path = Pods_giftWrappTests.framework; sourceTree = BUILT_PRODUCTS_DIR; };
		302DCDBE1DBBC5D500B611BA /* PostCell.swift */ = {isa = PBXFileReference; fileEncoding = 4; lastKnownFileType = sourcecode.swift; path = PostCell.swift; sourceTree = "<group>"; };
		3079FA981D96CAE100805373 /* giftWrapp.app */ = {isa = PBXFileReference; explicitFileType = wrapper.application; includeInIndex = 0; path = giftWrapp.app; sourceTree = BUILT_PRODUCTS_DIR; };
		3079FA9B1D96CAE100805373 /* AppDelegate.swift */ = {isa = PBXFileReference; lastKnownFileType = sourcecode.swift; path = AppDelegate.swift; sourceTree = "<group>"; };
		3079FA9D1D96CAE100805373 /* SignInVC.swift */ = {isa = PBXFileReference; lastKnownFileType = sourcecode.swift; path = SignInVC.swift; sourceTree = "<group>"; };
		3079FAA01D96CAE100805373 /* Base */ = {isa = PBXFileReference; lastKnownFileType = file.storyboard; name = Base; path = Base.lproj/Main.storyboard; sourceTree = "<group>"; };
		3079FAA21D96CAE100805373 /* Assets.xcassets */ = {isa = PBXFileReference; lastKnownFileType = folder.assetcatalog; path = Assets.xcassets; sourceTree = "<group>"; };
		3079FAA51D96CAE100805373 /* Base */ = {isa = PBXFileReference; lastKnownFileType = file.storyboard; name = Base; path = Base.lproj/LaunchScreen.storyboard; sourceTree = "<group>"; };
		3079FAA71D96CAE100805373 /* Info.plist */ = {isa = PBXFileReference; lastKnownFileType = text.plist.xml; path = Info.plist; sourceTree = "<group>"; };
		3079FAAC1D96CAE100805373 /* giftWrappTests.xctest */ = {isa = PBXFileReference; explicitFileType = wrapper.cfbundle; includeInIndex = 0; path = giftWrappTests.xctest; sourceTree = BUILT_PRODUCTS_DIR; };
		3079FAB01D96CAE100805373 /* giftWrappTests.swift */ = {isa = PBXFileReference; lastKnownFileType = sourcecode.swift; path = giftWrappTests.swift; sourceTree = "<group>"; };
		3079FAB21D96CAE100805373 /* Info.plist */ = {isa = PBXFileReference; lastKnownFileType = text.plist.xml; path = Info.plist; sourceTree = "<group>"; };
		3079FAB71D96CAE100805373 /* giftWrappUITests.xctest */ = {isa = PBXFileReference; explicitFileType = wrapper.cfbundle; includeInIndex = 0; path = giftWrappUITests.xctest; sourceTree = BUILT_PRODUCTS_DIR; };
		3079FABB1D96CAE100805373 /* giftWrappUITests.swift */ = {isa = PBXFileReference; lastKnownFileType = sourcecode.swift; path = giftWrappUITests.swift; sourceTree = "<group>"; };
		3079FABD1D96CAE100805373 /* Info.plist */ = {isa = PBXFileReference; lastKnownFileType = text.plist.xml; path = Info.plist; sourceTree = "<group>"; };
		3083F0801DBA87E400D80AD1 /* MaterialButton.swift */ = {isa = PBXFileReference; fileEncoding = 4; lastKnownFileType = sourcecode.swift; path = MaterialButton.swift; sourceTree = "<group>"; };
		3083F0821DBA90EB00D80AD1 /* Bolts.framework */ = {isa = PBXFileReference; lastKnownFileType = wrapper.framework; path = Bolts.framework; sourceTree = "<group>"; };
		3083F0831DBA90EB00D80AD1 /* FBSDKCoreKit.framework */ = {isa = PBXFileReference; lastKnownFileType = wrapper.framework; path = FBSDKCoreKit.framework; sourceTree = "<group>"; };
		3083F0841DBA90EB00D80AD1 /* FBSDKLoginKit.framework */ = {isa = PBXFileReference; lastKnownFileType = wrapper.framework; path = FBSDKLoginKit.framework; sourceTree = "<group>"; };
		3083F0851DBA90EB00D80AD1 /* FBSDKShareKit.framework */ = {isa = PBXFileReference; lastKnownFileType = wrapper.framework; path = FBSDKShareKit.framework; sourceTree = "<group>"; };
		3083F08A1DBAB31100D80AD1 /* giftWrapp.entitlements */ = {isa = PBXFileReference; lastKnownFileType = text.plist.entitlements; path = giftWrapp.entitlements; sourceTree = "<group>"; };
		3083F08B1DBABB2D00D80AD1 /* GoogleService-Info.plist */ = {isa = PBXFileReference; fileEncoding = 4; lastKnownFileType = text.plist.xml; path = "GoogleService-Info.plist"; sourceTree = "<group>"; };
		3083F08D1DBB416B00D80AD1 /* FeedVCViewController.swift */ = {isa = PBXFileReference; fileEncoding = 4; lastKnownFileType = sourcecode.swift; path = FeedVCViewController.swift; sourceTree = "<group>"; };
		30BF1A281DB9326C00BFBBFC /* MaterialView.swift */ = {isa = PBXFileReference; fileEncoding = 4; lastKnownFileType = sourcecode.swift; path = MaterialView.swift; sourceTree = "<group>"; };
		30BF1A2B1DB9DAF400BFBBFC /* Constants.swift */ = {isa = PBXFileReference; fileEncoding = 4; lastKnownFileType = sourcecode.swift; path = Constants.swift; sourceTree = "<group>"; };
		54D8A9E21602642225C489DC /* Pods-giftWrappUITests.debug.xcconfig */ = {isa = PBXFileReference; includeInIndex = 1; lastKnownFileType = text.xcconfig; name = "Pods-giftWrappUITests.debug.xcconfig"; path = "Pods/Target Support Files/Pods-giftWrappUITests/Pods-giftWrappUITests.debug.xcconfig"; sourceTree = "<group>"; };
		863DC5097E4048BB06636C80 /* Pods-giftWrappTests.release.xcconfig */ = {isa = PBXFileReference; includeInIndex = 1; lastKnownFileType = text.xcconfig; name = "Pods-giftWrappTests.release.xcconfig"; path = "Pods/Target Support Files/Pods-giftWrappTests/Pods-giftWrappTests.release.xcconfig"; sourceTree = "<group>"; };
		86894F338B305B02338E6989 /* Pods-giftWrapp.release.xcconfig */ = {isa = PBXFileReference; includeInIndex = 1; lastKnownFileType = text.xcconfig; name = "Pods-giftWrapp.release.xcconfig"; path = "Pods/Target Support Files/Pods-giftWrapp/Pods-giftWrapp.release.xcconfig"; sourceTree = "<group>"; };
		926E1BD26CAEFCE154A5FF29 /* Pods_giftWrappUITests.framework */ = {isa = PBXFileReference; explicitFileType = wrapper.framework; includeInIndex = 0; path = Pods_giftWrappUITests.framework; sourceTree = BUILT_PRODUCTS_DIR; };
		9E78265638742DEE44F809C0 /* Pods-giftWrappUITests.release.xcconfig */ = {isa = PBXFileReference; includeInIndex = 1; lastKnownFileType = text.xcconfig; name = "Pods-giftWrappUITests.release.xcconfig"; path = "Pods/Target Support Files/Pods-giftWrappUITests/Pods-giftWrappUITests.release.xcconfig"; sourceTree = "<group>"; };
		A2F4825630E3827343499CE8 /* Pods-giftWrapp.debug.xcconfig */ = {isa = PBXFileReference; includeInIndex = 1; lastKnownFileType = text.xcconfig; name = "Pods-giftWrapp.debug.xcconfig"; path = "Pods/Target Support Files/Pods-giftWrapp/Pods-giftWrapp.debug.xcconfig"; sourceTree = "<group>"; };
		C2AEADA87ED186FE2EC610D4 /* Pods_giftWrapp.framework */ = {isa = PBXFileReference; explicitFileType = wrapper.framework; includeInIndex = 0; path = Pods_giftWrapp.framework; sourceTree = BUILT_PRODUCTS_DIR; };
		FA63B1F6EE7FDA49D85E207F /* Pods-giftWrappTests.debug.xcconfig */ = {isa = PBXFileReference; includeInIndex = 1; lastKnownFileType = text.xcconfig; name = "Pods-giftWrappTests.debug.xcconfig"; path = "Pods/Target Support Files/Pods-giftWrappTests/Pods-giftWrappTests.debug.xcconfig"; sourceTree = "<group>"; };
/* End PBXFileReference section */

/* Begin PBXFrameworksBuildPhase section */
		3079FA951D96CAE100805373 /* Frameworks */ = {
			isa = PBXFrameworksBuildPhase;
			buildActionMask = 2147483647;
			files = (
				AC7EACB17E35ED714AA29357 /* Pods_giftWrapp.framework in Frameworks */,
				3083F0871DBA90EB00D80AD1 /* FBSDKCoreKit.framework in Frameworks */,
				3083F0891DBA90EB00D80AD1 /* FBSDKShareKit.framework in Frameworks */,
				3083F0881DBA90EB00D80AD1 /* FBSDKLoginKit.framework in Frameworks */,
				3083F0861DBA90EB00D80AD1 /* Bolts.framework in Frameworks */,
			);
			runOnlyForDeploymentPostprocessing = 0;
		};
		3079FAA91D96CAE100805373 /* Frameworks */ = {
			isa = PBXFrameworksBuildPhase;
			buildActionMask = 2147483647;
			files = (
				A30E126A8F100D64CF31161C /* Pods_giftWrappTests.framework in Frameworks */,
			);
			runOnlyForDeploymentPostprocessing = 0;
		};
		3079FAB41D96CAE100805373 /* Frameworks */ = {
			isa = PBXFrameworksBuildPhase;
			buildActionMask = 2147483647;
			files = (
				38AF2B4051545BFB29F99637 /* Pods_giftWrappUITests.framework in Frameworks */,
			);
			runOnlyForDeploymentPostprocessing = 0;
		};
/* End PBXFrameworksBuildPhase section */

/* Begin PBXGroup section */
		3079FA8F1D96CAE100805373 = {
			isa = PBXGroup;
			children = (
				3079FA9A1D96CAE100805373 /* giftWrapp */,
				3079FAAF1D96CAE100805373 /* giftWrappTests */,
				3079FABA1D96CAE100805373 /* giftWrappUITests */,
				3079FA991D96CAE100805373 /* Products */,
				F4EA2E0A26C9B0ADFBF29120 /* Pods */,
				8F412D93928C14ED06417200 /* Frameworks */,
			);
			sourceTree = "<group>";
		};
		3079FA991D96CAE100805373 /* Products */ = {
			isa = PBXGroup;
			children = (
				3079FA981D96CAE100805373 /* giftWrapp.app */,
				3079FAAC1D96CAE100805373 /* giftWrappTests.xctest */,
				3079FAB71D96CAE100805373 /* giftWrappUITests.xctest */,
			);
			name = Products;
			sourceTree = "<group>";
		};
		3079FA9A1D96CAE100805373 /* giftWrapp */ = {
			isa = PBXGroup;
			children = (
				3083F08A1DBAB31100D80AD1 /* giftWrapp.entitlements */,
				30BF1A2A1DB9DAE500BFBBFC /* Util */,
				30BF1A251DB8FC0C00BFBBFC /* Model */,
				30BF1A271DB8FC2700BFBBFC /* Controller */,
				30BF1A261DB8FC1100BFBBFC /* View */,
				3079FA9B1D96CAE100805373 /* AppDelegate.swift */,
				3079FA9F1D96CAE100805373 /* Main.storyboard */,
				3079FAA21D96CAE100805373 /* Assets.xcassets */,
				3079FAA41D96CAE100805373 /* LaunchScreen.storyboard */,
				3079FAA71D96CAE100805373 /* Info.plist */,
				3083F08B1DBABB2D00D80AD1 /* GoogleService-Info.plist */,
			);
			path = giftWrapp;
			sourceTree = "<group>";
		};
		3079FAAF1D96CAE100805373 /* giftWrappTests */ = {
			isa = PBXGroup;
			children = (
				3079FAB01D96CAE100805373 /* giftWrappTests.swift */,
				3079FAB21D96CAE100805373 /* Info.plist */,
			);
			path = giftWrappTests;
			sourceTree = "<group>";
		};
		3079FABA1D96CAE100805373 /* giftWrappUITests */ = {
			isa = PBXGroup;
			children = (
				3079FABB1D96CAE100805373 /* giftWrappUITests.swift */,
				3079FABD1D96CAE100805373 /* Info.plist */,
			);
			path = giftWrappUITests;
			sourceTree = "<group>";
		};
		30BF1A251DB8FC0C00BFBBFC /* Model */ = {
			isa = PBXGroup;
			children = (
			);
			name = Model;
			sourceTree = "<group>";
		};
		30BF1A261DB8FC1100BFBBFC /* View */ = {
			isa = PBXGroup;
			children = (
				30BF1A281DB9326C00BFBBFC /* MaterialView.swift */,
				3083F0801DBA87E400D80AD1 /* MaterialButton.swift */,
				302DCDBE1DBBC5D500B611BA /* PostCell.swift */,
			);
			name = View;
			sourceTree = "<group>";
		};
		30BF1A271DB8FC2700BFBBFC /* Controller */ = {
			isa = PBXGroup;
			children = (
				3079FA9D1D96CAE100805373 /* SignInVC.swift */,
				3083F08D1DBB416B00D80AD1 /* FeedVCViewController.swift */,
			);
			name = Controller;
			sourceTree = "<group>";
		};
		30BF1A2A1DB9DAE500BFBBFC /* Util */ = {
			isa = PBXGroup;
			children = (
				30BF1A2B1DB9DAF400BFBBFC /* Constants.swift */,
			);
			name = Util;
			sourceTree = "<group>";
		};
		8F412D93928C14ED06417200 /* Frameworks */ = {
			isa = PBXGroup;
			children = (
				3083F0821DBA90EB00D80AD1 /* Bolts.framework */,
				3083F0831DBA90EB00D80AD1 /* FBSDKCoreKit.framework */,
				3083F0841DBA90EB00D80AD1 /* FBSDKLoginKit.framework */,
				3083F0851DBA90EB00D80AD1 /* FBSDKShareKit.framework */,
				C2AEADA87ED186FE2EC610D4 /* Pods_giftWrapp.framework */,
				0F9D55D067CBEFFAC13DE0D8 /* Pods_giftWrappTests.framework */,
				926E1BD26CAEFCE154A5FF29 /* Pods_giftWrappUITests.framework */,
			);
			name = Frameworks;
			sourceTree = "<group>";
		};
		F4EA2E0A26C9B0ADFBF29120 /* Pods */ = {
			isa = PBXGroup;
			children = (
				A2F4825630E3827343499CE8 /* Pods-giftWrapp.debug.xcconfig */,
				86894F338B305B02338E6989 /* Pods-giftWrapp.release.xcconfig */,
				FA63B1F6EE7FDA49D85E207F /* Pods-giftWrappTests.debug.xcconfig */,
				863DC5097E4048BB06636C80 /* Pods-giftWrappTests.release.xcconfig */,
				54D8A9E21602642225C489DC /* Pods-giftWrappUITests.debug.xcconfig */,
				9E78265638742DEE44F809C0 /* Pods-giftWrappUITests.release.xcconfig */,
			);
			name = Pods;
			sourceTree = "<group>";
		};
/* End PBXGroup section */

/* Begin PBXNativeTarget section */
		3079FA971D96CAE100805373 /* giftWrapp */ = {
			isa = PBXNativeTarget;
			buildConfigurationList = 3079FAC01D96CAE100805373 /* Build configuration list for PBXNativeTarget "giftWrapp" */;
			buildPhases = (
				97DC82339F041F032BE230A7 /* [CP] Check Pods Manifest.lock */,
				3079FA941D96CAE100805373 /* Sources */,
				3079FA951D96CAE100805373 /* Frameworks */,
				3079FA961D96CAE100805373 /* Resources */,
				3674EE740179C8AC81D63111 /* [CP] Embed Pods Frameworks */,
				59F496850D3663F80AE14C04 /* [CP] Copy Pods Resources */,
			);
			buildRules = (
			);
			dependencies = (
			);
			name = giftWrapp;
			productName = giftWrapp;
			productReference = 3079FA981D96CAE100805373 /* giftWrapp.app */;
			productType = "com.apple.product-type.application";
		};
		3079FAAB1D96CAE100805373 /* giftWrappTests */ = {
			isa = PBXNativeTarget;
			buildConfigurationList = 3079FAC31D96CAE100805373 /* Build configuration list for PBXNativeTarget "giftWrappTests" */;
			buildPhases = (
				7E8B6AA9363AA678255CFA9A /* [CP] Check Pods Manifest.lock */,
				3079FAA81D96CAE100805373 /* Sources */,
				3079FAA91D96CAE100805373 /* Frameworks */,
				3079FAAA1D96CAE100805373 /* Resources */,
				B277EAE0DF4D0492DE43646A /* [CP] Embed Pods Frameworks */,
				E2580CED58C2B13CE24F0B4D /* [CP] Copy Pods Resources */,
			);
			buildRules = (
			);
			dependencies = (
				3079FAAE1D96CAE100805373 /* PBXTargetDependency */,
			);
			name = giftWrappTests;
			productName = giftWrappTests;
			productReference = 3079FAAC1D96CAE100805373 /* giftWrappTests.xctest */;
			productType = "com.apple.product-type.bundle.unit-test";
		};
		3079FAB61D96CAE100805373 /* giftWrappUITests */ = {
			isa = PBXNativeTarget;
			buildConfigurationList = 3079FAC61D96CAE100805373 /* Build configuration list for PBXNativeTarget "giftWrappUITests" */;
			buildPhases = (
				87700178EE81396F7FE02603 /* [CP] Check Pods Manifest.lock */,
				3079FAB31D96CAE100805373 /* Sources */,
				3079FAB41D96CAE100805373 /* Frameworks */,
				3079FAB51D96CAE100805373 /* Resources */,
				46AE84D37FFD2C40DBD0F773 /* [CP] Copy Pods Resources */,
			);
			buildRules = (
			);
			dependencies = (
				3079FAB91D96CAE100805373 /* PBXTargetDependency */,
			);
			name = giftWrappUITests;
			productName = giftWrappUITests;
			productReference = 3079FAB71D96CAE100805373 /* giftWrappUITests.xctest */;
			productType = "com.apple.product-type.bundle.ui-testing";
		};
/* End PBXNativeTarget section */

/* Begin PBXProject section */
		3079FA901D96CAE100805373 /* Project object */ = {
			isa = PBXProject;
			attributes = {
				LastSwiftUpdateCheck = 0800;
				LastUpgradeCheck = 0800;
				ORGANIZATIONNAME = "Karthik Kannan";
				TargetAttributes = {
					3079FA971D96CAE100805373 = {
						CreatedOnToolsVersion = 8.0;
						DevelopmentTeam = P9S59S549S;
						LastSwiftMigration = 0800;
						ProvisioningStyle = Automatic;
						SystemCapabilities = {
							com.apple.Keychain = {
								enabled = 1;
							};
						};
					};
					3079FAAB1D96CAE100805373 = {
						CreatedOnToolsVersion = 8.0;
						DevelopmentTeam = P9S59S549S;
						LastSwiftMigration = 0800;
						ProvisioningStyle = Automatic;
						TestTargetID = 3079FA971D96CAE100805373;
					};
					3079FAB61D96CAE100805373 = {
						CreatedOnToolsVersion = 8.0;
						DevelopmentTeam = P9S59S549S;
						LastSwiftMigration = 0800;
						ProvisioningStyle = Automatic;
						TestTargetID = 3079FA971D96CAE100805373;
					};
				};
			};
			buildConfigurationList = 3079FA931D96CAE100805373 /* Build configuration list for PBXProject "giftWrapp" */;
			compatibilityVersion = "Xcode 3.2";
			developmentRegion = English;
			hasScannedForEncodings = 0;
			knownRegions = (
				en,
				Base,
			);
			mainGroup = 3079FA8F1D96CAE100805373;
			productRefGroup = 3079FA991D96CAE100805373 /* Products */;
			projectDirPath = "";
			projectRoot = "";
			targets = (
				3079FA971D96CAE100805373 /* giftWrapp */,
				3079FAAB1D96CAE100805373 /* giftWrappTests */,
				3079FAB61D96CAE100805373 /* giftWrappUITests */,
			);
		};
/* End PBXProject section */

/* Begin PBXResourcesBuildPhase section */
		3079FA961D96CAE100805373 /* Resources */ = {
			isa = PBXResourcesBuildPhase;
			buildActionMask = 2147483647;
			files = (
				3079FAA61D96CAE100805373 /* LaunchScreen.storyboard in Resources */,
				3083F08C1DBABB2D00D80AD1 /* GoogleService-Info.plist in Resources */,
				3079FAA31D96CAE100805373 /* Assets.xcassets in Resources */,
				3079FAA11D96CAE100805373 /* Main.storyboard in Resources */,
			);
			runOnlyForDeploymentPostprocessing = 0;
		};
		3079FAAA1D96CAE100805373 /* Resources */ = {
			isa = PBXResourcesBuildPhase;
			buildActionMask = 2147483647;
			files = (
			);
			runOnlyForDeploymentPostprocessing = 0;
		};
		3079FAB51D96CAE100805373 /* Resources */ = {
			isa = PBXResourcesBuildPhase;
			buildActionMask = 2147483647;
			files = (
			);
			runOnlyForDeploymentPostprocessing = 0;
		};
/* End PBXResourcesBuildPhase section */

/* Begin PBXShellScriptBuildPhase section */
		3674EE740179C8AC81D63111 /* [CP] Embed Pods Frameworks */ = {
			isa = PBXShellScriptBuildPhase;
			buildActionMask = 2147483647;
			files = (
			);
			inputPaths = (
			);
			name = "[CP] Embed Pods Frameworks";
			outputPaths = (
			);
			runOnlyForDeploymentPostprocessing = 0;
			shellPath = /bin/sh;
			shellScript = "\"${SRCROOT}/Pods/Target Support Files/Pods-giftWrapp/Pods-giftWrapp-frameworks.sh\"\n";
			showEnvVarsInLog = 0;
		};
		46AE84D37FFD2C40DBD0F773 /* [CP] Copy Pods Resources */ = {
			isa = PBXShellScriptBuildPhase;
			buildActionMask = 2147483647;
			files = (
			);
			inputPaths = (
			);
			name = "[CP] Copy Pods Resources";
			outputPaths = (
			);
			runOnlyForDeploymentPostprocessing = 0;
			shellPath = /bin/sh;
			shellScript = "\"${SRCROOT}/Pods/Target Support Files/Pods-giftWrappUITests/Pods-giftWrappUITests-resources.sh\"\n";
			showEnvVarsInLog = 0;
		};
		59F496850D3663F80AE14C04 /* [CP] Copy Pods Resources */ = {
			isa = PBXShellScriptBuildPhase;
			buildActionMask = 2147483647;
			files = (
			);
			inputPaths = (
			);
			name = "[CP] Copy Pods Resources";
			outputPaths = (
			);
			runOnlyForDeploymentPostprocessing = 0;
			shellPath = /bin/sh;
			shellScript = "\"${SRCROOT}/Pods/Target Support Files/Pods-giftWrapp/Pods-giftWrapp-resources.sh\"\n";
			showEnvVarsInLog = 0;
		};
		7E8B6AA9363AA678255CFA9A /* [CP] Check Pods Manifest.lock */ = {
			isa = PBXShellScriptBuildPhase;
			buildActionMask = 2147483647;
			files = (
			);
			inputPaths = (
			);
			name = "[CP] Check Pods Manifest.lock";
			outputPaths = (
			);
			runOnlyForDeploymentPostprocessing = 0;
			shellPath = /bin/sh;
			shellScript = "diff \"${PODS_ROOT}/../Podfile.lock\" \"${PODS_ROOT}/Manifest.lock\" > /dev/null\nif [[ $? != 0 ]] ; then\n    cat << EOM\nerror: The sandbox is not in sync with the Podfile.lock. Run 'pod install' or update your CocoaPods installation.\nEOM\n    exit 1\nfi\n";
			showEnvVarsInLog = 0;
		};
		87700178EE81396F7FE02603 /* [CP] Check Pods Manifest.lock */ = {
			isa = PBXShellScriptBuildPhase;
			buildActionMask = 2147483647;
			files = (
			);
			inputPaths = (
			);
			name = "[CP] Check Pods Manifest.lock";
			outputPaths = (
			);
			runOnlyForDeploymentPostprocessing = 0;
			shellPath = /bin/sh;
			shellScript = "diff \"${PODS_ROOT}/../Podfile.lock\" \"${PODS_ROOT}/Manifest.lock\" > /dev/null\nif [[ $? != 0 ]] ; then\n    cat << EOM\nerror: The sandbox is not in sync with the Podfile.lock. Run 'pod install' or update your CocoaPods installation.\nEOM\n    exit 1\nfi\n";
			showEnvVarsInLog = 0;
		};
		97DC82339F041F032BE230A7 /* [CP] Check Pods Manifest.lock */ = {
			isa = PBXShellScriptBuildPhase;
			buildActionMask = 2147483647;
			files = (
			);
			inputPaths = (
			);
			name = "[CP] Check Pods Manifest.lock";
			outputPaths = (
			);
			runOnlyForDeploymentPostprocessing = 0;
			shellPath = /bin/sh;
			shellScript = "diff \"${PODS_ROOT}/../Podfile.lock\" \"${PODS_ROOT}/Manifest.lock\" > /dev/null\nif [[ $? != 0 ]] ; then\n    cat << EOM\nerror: The sandbox is not in sync with the Podfile.lock. Run 'pod install' or update your CocoaPods installation.\nEOM\n    exit 1\nfi\n";
			showEnvVarsInLog = 0;
		};
		B277EAE0DF4D0492DE43646A /* [CP] Embed Pods Frameworks */ = {
			isa = PBXShellScriptBuildPhase;
			buildActionMask = 2147483647;
			files = (
			);
			inputPaths = (
			);
			name = "[CP] Embed Pods Frameworks";
			outputPaths = (
			);
			runOnlyForDeploymentPostprocessing = 0;
			shellPath = /bin/sh;
			shellScript = "\"${SRCROOT}/Pods/Target Support Files/Pods-giftWrappTests/Pods-giftWrappTests-frameworks.sh\"\n";
			showEnvVarsInLog = 0;
		};
		E2580CED58C2B13CE24F0B4D /* [CP] Copy Pods Resources */ = {
			isa = PBXShellScriptBuildPhase;
			buildActionMask = 2147483647;
			files = (
			);
			inputPaths = (
			);
			name = "[CP] Copy Pods Resources";
			outputPaths = (
			);
			runOnlyForDeploymentPostprocessing = 0;
			shellPath = /bin/sh;
			shellScript = "\"${SRCROOT}/Pods/Target Support Files/Pods-giftWrappTests/Pods-giftWrappTests-resources.sh\"\n";
			showEnvVarsInLog = 0;
		};
/* End PBXShellScriptBuildPhase section */

/* Begin PBXSourcesBuildPhase section */
		3079FA941D96CAE100805373 /* Sources */ = {
			isa = PBXSourcesBuildPhase;
			buildActionMask = 2147483647;
			files = (
				302DCDBF1DBBC5D500B611BA /* PostCell.swift in Sources */,
				30BF1A291DB9326C00BFBBFC /* MaterialView.swift in Sources */,
				3083F08E1DBB416B00D80AD1 /* FeedVCViewController.swift in Sources */,
				3079FA9E1D96CAE100805373 /* SignInVC.swift in Sources */,
				3079FA9C1D96CAE100805373 /* AppDelegate.swift in Sources */,
				30BF1A2C1DB9DAF400BFBBFC /* Constants.swift in Sources */,
				3083F0811DBA87E400D80AD1 /* MaterialButton.swift in Sources */,
			);
			runOnlyForDeploymentPostprocessing = 0;
		};
		3079FAA81D96CAE100805373 /* Sources */ = {
			isa = PBXSourcesBuildPhase;
			buildActionMask = 2147483647;
			files = (
				3079FAB11D96CAE100805373 /* giftWrappTests.swift in Sources */,
			);
			runOnlyForDeploymentPostprocessing = 0;
		};
		3079FAB31D96CAE100805373 /* Sources */ = {
			isa = PBXSourcesBuildPhase;
			buildActionMask = 2147483647;
			files = (
				3079FABC1D96CAE100805373 /* giftWrappUITests.swift in Sources */,
			);
			runOnlyForDeploymentPostprocessing = 0;
		};
/* End PBXSourcesBuildPhase section */

/* Begin PBXTargetDependency section */
		3079FAAE1D96CAE100805373 /* PBXTargetDependency */ = {
			isa = PBXTargetDependency;
			target = 3079FA971D96CAE100805373 /* giftWrapp */;
			targetProxy = 3079FAAD1D96CAE100805373 /* PBXContainerItemProxy */;
		};
		3079FAB91D96CAE100805373 /* PBXTargetDependency */ = {
			isa = PBXTargetDependency;
			target = 3079FA971D96CAE100805373 /* giftWrapp */;
			targetProxy = 3079FAB81D96CAE100805373 /* PBXContainerItemProxy */;
		};
/* End PBXTargetDependency section */

/* Begin PBXVariantGroup section */
		3079FA9F1D96CAE100805373 /* Main.storyboard */ = {
			isa = PBXVariantGroup;
			children = (
				3079FAA01D96CAE100805373 /* Base */,
			);
			name = Main.storyboard;
			sourceTree = "<group>";
		};
		3079FAA41D96CAE100805373 /* LaunchScreen.storyboard */ = {
			isa = PBXVariantGroup;
			children = (
				3079FAA51D96CAE100805373 /* Base */,
			);
			name = LaunchScreen.storyboard;
			sourceTree = "<group>";
		};
/* End PBXVariantGroup section */

/* Begin XCBuildConfiguration section */
		3079FABE1D96CAE100805373 /* Debug */ = {
			isa = XCBuildConfiguration;
			buildSettings = {
				ALWAYS_SEARCH_USER_PATHS = NO;
				CLANG_ANALYZER_NONNULL = YES;
				CLANG_CXX_LANGUAGE_STANDARD = "gnu++0x";
				CLANG_CXX_LIBRARY = "libc++";
				CLANG_ENABLE_MODULES = YES;
				CLANG_ENABLE_OBJC_ARC = YES;
				CLANG_WARN_BOOL_CONVERSION = YES;
				CLANG_WARN_CONSTANT_CONVERSION = YES;
				CLANG_WARN_DIRECT_OBJC_ISA_USAGE = YES_ERROR;
				CLANG_WARN_DOCUMENTATION_COMMENTS = YES;
				CLANG_WARN_EMPTY_BODY = YES;
				CLANG_WARN_ENUM_CONVERSION = YES;
				CLANG_WARN_INFINITE_RECURSION = YES;
				CLANG_WARN_INT_CONVERSION = YES;
				CLANG_WARN_OBJC_ROOT_CLASS = YES_ERROR;
				CLANG_WARN_SUSPICIOUS_MOVE = YES;
				CLANG_WARN_SUSPICIOUS_MOVES = YES;
				CLANG_WARN_UNREACHABLE_CODE = YES;
				CLANG_WARN__DUPLICATE_METHOD_MATCH = YES;
				"CODE_SIGN_IDENTITY[sdk=iphoneos*]" = "iPhone Developer";
				COPY_PHASE_STRIP = NO;
				DEBUG_INFORMATION_FORMAT = dwarf;
				ENABLE_STRICT_OBJC_MSGSEND = YES;
				ENABLE_TESTABILITY = YES;
				GCC_C_LANGUAGE_STANDARD = gnu99;
				GCC_DYNAMIC_NO_PIC = NO;
				GCC_NO_COMMON_BLOCKS = YES;
				GCC_OPTIMIZATION_LEVEL = 0;
				GCC_PREPROCESSOR_DEFINITIONS = (
					"DEBUG=1",
					"$(inherited)",
				);
				GCC_WARN_64_TO_32_BIT_CONVERSION = YES;
				GCC_WARN_ABOUT_RETURN_TYPE = YES_ERROR;
				GCC_WARN_UNDECLARED_SELECTOR = YES;
				GCC_WARN_UNINITIALIZED_AUTOS = YES_AGGRESSIVE;
				GCC_WARN_UNUSED_FUNCTION = YES;
				GCC_WARN_UNUSED_VARIABLE = YES;
				IPHONEOS_DEPLOYMENT_TARGET = 10.0;
				MTL_ENABLE_DEBUG_INFO = YES;
				ONLY_ACTIVE_ARCH = YES;
				SDKROOT = iphoneos;
				SWIFT_ACTIVE_COMPILATION_CONDITIONS = DEBUG;
				SWIFT_OPTIMIZATION_LEVEL = "-Onone";
				TARGETED_DEVICE_FAMILY = 2;
			};
			name = Debug;
		};
		3079FABF1D96CAE100805373 /* Release */ = {
			isa = XCBuildConfiguration;
			buildSettings = {
				ALWAYS_SEARCH_USER_PATHS = NO;
				CLANG_ANALYZER_NONNULL = YES;
				CLANG_CXX_LANGUAGE_STANDARD = "gnu++0x";
				CLANG_CXX_LIBRARY = "libc++";
				CLANG_ENABLE_MODULES = YES;
				CLANG_ENABLE_OBJC_ARC = YES;
				CLANG_WARN_BOOL_CONVERSION = YES;
				CLANG_WARN_CONSTANT_CONVERSION = YES;
				CLANG_WARN_DIRECT_OBJC_ISA_USAGE = YES_ERROR;
				CLANG_WARN_DOCUMENTATION_COMMENTS = YES;
				CLANG_WARN_EMPTY_BODY = YES;
				CLANG_WARN_ENUM_CONVERSION = YES;
				CLANG_WARN_INFINITE_RECURSION = YES;
				CLANG_WARN_INT_CONVERSION = YES;
				CLANG_WARN_OBJC_ROOT_CLASS = YES_ERROR;
				CLANG_WARN_SUSPICIOUS_MOVE = YES;
				CLANG_WARN_SUSPICIOUS_MOVES = YES;
				CLANG_WARN_UNREACHABLE_CODE = YES;
				CLANG_WARN__DUPLICATE_METHOD_MATCH = YES;
				"CODE_SIGN_IDENTITY[sdk=iphoneos*]" = "iPhone Developer";
				COPY_PHASE_STRIP = NO;
				DEBUG_INFORMATION_FORMAT = "dwarf-with-dsym";
				ENABLE_NS_ASSERTIONS = NO;
				ENABLE_STRICT_OBJC_MSGSEND = YES;
				GCC_C_LANGUAGE_STANDARD = gnu99;
				GCC_NO_COMMON_BLOCKS = YES;
				GCC_WARN_64_TO_32_BIT_CONVERSION = YES;
				GCC_WARN_ABOUT_RETURN_TYPE = YES_ERROR;
				GCC_WARN_UNDECLARED_SELECTOR = YES;
				GCC_WARN_UNINITIALIZED_AUTOS = YES_AGGRESSIVE;
				GCC_WARN_UNUSED_FUNCTION = YES;
				GCC_WARN_UNUSED_VARIABLE = YES;
				IPHONEOS_DEPLOYMENT_TARGET = 10.0;
				MTL_ENABLE_DEBUG_INFO = NO;
				SDKROOT = iphoneos;
				SWIFT_OPTIMIZATION_LEVEL = "-Owholemodule";
				TARGETED_DEVICE_FAMILY = 2;
				VALIDATE_PRODUCT = YES;
			};
			name = Release;
		};
		3079FAC11D96CAE100805373 /* Debug */ = {
			isa = XCBuildConfiguration;
			baseConfigurationReference = A2F4825630E3827343499CE8 /* Pods-giftWrapp.debug.xcconfig */;
			buildSettings = {
				ALWAYS_EMBED_SWIFT_STANDARD_LIBRARIES = YES;
				ASSETCATALOG_COMPILER_APPICON_NAME = AppIcon;
				CODE_SIGN_ENTITLEMENTS = giftWrapp/giftWrapp.entitlements;
				DEVELOPMENT_TEAM = P9S59S549S;
				FRAMEWORK_SEARCH_PATHS = (
					"$(inherited)",
					"$(PROJECT_DIR)",
				);
				INFOPLIST_FILE = giftWrapp/Info.plist;
				LD_RUNPATH_SEARCH_PATHS = "$(inherited) @executable_path/Frameworks";
				PRODUCT_BUNDLE_IDENTIFIER = com.lotusbee.giftWrapp;
				PRODUCT_NAME = "$(TARGET_NAME)";
				SWIFT_VERSION = 3.0;
				TARGETED_DEVICE_FAMILY = "1,2";
			};
			name = Debug;
		};
		3079FAC21D96CAE100805373 /* Release */ = {
			isa = XCBuildConfiguration;
			baseConfigurationReference = 86894F338B305B02338E6989 /* Pods-giftWrapp.release.xcconfig */;
			buildSettings = {
				ALWAYS_EMBED_SWIFT_STANDARD_LIBRARIES = YES;
				ASSETCATALOG_COMPILER_APPICON_NAME = AppIcon;
				CODE_SIGN_ENTITLEMENTS = giftWrapp/giftWrapp.entitlements;
				DEVELOPMENT_TEAM = P9S59S549S;
				FRAMEWORK_SEARCH_PATHS = (
					"$(inherited)",
					"$(PROJECT_DIR)",
				);
				INFOPLIST_FILE = giftWrapp/Info.plist;
				LD_RUNPATH_SEARCH_PATHS = "$(inherited) @executable_path/Frameworks";
				PRODUCT_BUNDLE_IDENTIFIER = com.lotusbee.giftWrapp;
				PRODUCT_NAME = "$(TARGET_NAME)";
				SWIFT_VERSION = 3.0;
				TARGETED_DEVICE_FAMILY = "1,2";
			};
			name = Release;
		};
		3079FAC41D96CAE100805373 /* Debug */ = {
			isa = XCBuildConfiguration;
			baseConfigurationReference = FA63B1F6EE7FDA49D85E207F /* Pods-giftWrappTests.debug.xcconfig */;
			buildSettings = {
				ALWAYS_EMBED_SWIFT_STANDARD_LIBRARIES = YES;
				BUNDLE_LOADER = "$(TEST_HOST)";
				DEVELOPMENT_TEAM = P9S59S549S;
				INFOPLIST_FILE = giftWrappTests/Info.plist;
				LD_RUNPATH_SEARCH_PATHS = "$(inherited) @executable_path/Frameworks @loader_path/Frameworks";
				PRODUCT_BUNDLE_IDENTIFIER = com.lotusbee.giftWrappTests;
				PRODUCT_NAME = "$(TARGET_NAME)";
				SWIFT_VERSION = 3.0;
				TEST_HOST = "$(BUILT_PRODUCTS_DIR)/giftWrapp.app/giftWrapp";
			};
			name = Debug;
		};
		3079FAC51D96CAE100805373 /* Release */ = {
			isa = XCBuildConfiguration;
			baseConfigurationReference = 863DC5097E4048BB06636C80 /* Pods-giftWrappTests.release.xcconfig */;
			buildSettings = {
				ALWAYS_EMBED_SWIFT_STANDARD_LIBRARIES = YES;
				BUNDLE_LOADER = "$(TEST_HOST)";
				DEVELOPMENT_TEAM = P9S59S549S;
				INFOPLIST_FILE = giftWrappTests/Info.plist;
				LD_RUNPATH_SEARCH_PATHS = "$(inherited) @executable_path/Frameworks @loader_path/Frameworks";
				PRODUCT_BUNDLE_IDENTIFIER = com.lotusbee.giftWrappTests;
				PRODUCT_NAME = "$(TARGET_NAME)";
				SWIFT_VERSION = 3.0;
				TEST_HOST = "$(BUILT_PRODUCTS_DIR)/giftWrapp.app/giftWrapp";
			};
			name = Release;
		};
		3079FAC71D96CAE100805373 /* Debug */ = {
			isa = XCBuildConfiguration;
			baseConfigurationReference = 54D8A9E21602642225C489DC /* Pods-giftWrappUITests.debug.xcconfig */;
			buildSettings = {
				ALWAYS_EMBED_SWIFT_STANDARD_LIBRARIES = YES;
				DEVELOPMENT_TEAM = P9S59S549S;
				INFOPLIST_FILE = giftWrappUITests/Info.plist;
				LD_RUNPATH_SEARCH_PATHS = "$(inherited) @executable_path/Frameworks @loader_path/Frameworks";
				PRODUCT_BUNDLE_IDENTIFIER = com.lotusbee.giftWrappUITests;
				PRODUCT_NAME = "$(TARGET_NAME)";
				SWIFT_VERSION = 3.0;
				TEST_TARGET_NAME = giftWrapp;
			};
			name = Debug;
		};
		3079FAC81D96CAE100805373 /* Release */ = {
			isa = XCBuildConfiguration;
			baseConfigurationReference = 9E78265638742DEE44F809C0 /* Pods-giftWrappUITests.release.xcconfig */;
			buildSettings = {
				ALWAYS_EMBED_SWIFT_STANDARD_LIBRARIES = YES;
				DEVELOPMENT_TEAM = P9S59S549S;
				INFOPLIST_FILE = giftWrappUITests/Info.plist;
				LD_RUNPATH_SEARCH_PATHS = "$(inherited) @executable_path/Frameworks @loader_path/Frameworks";
				PRODUCT_BUNDLE_IDENTIFIER = com.lotusbee.giftWrappUITests;
				PRODUCT_NAME = "$(TARGET_NAME)";
				SWIFT_VERSION = 3.0;
				TEST_TARGET_NAME = giftWrapp;
			};
			name = Release;
		};
/* End XCBuildConfiguration section */

/* Begin XCConfigurationList section */
		3079FA931D96CAE100805373 /* Build configuration list for PBXProject "giftWrapp" */ = {
			isa = XCConfigurationList;
			buildConfigurations = (
				3079FABE1D96CAE100805373 /* Debug */,
				3079FABF1D96CAE100805373 /* Release */,
			);
			defaultConfigurationIsVisible = 0;
			defaultConfigurationName = Release;
		};
		3079FAC01D96CAE100805373 /* Build configuration list for PBXNativeTarget "giftWrapp" */ = {
			isa = XCConfigurationList;
			buildConfigurations = (
				3079FAC11D96CAE100805373 /* Debug */,
				3079FAC21D96CAE100805373 /* Release */,
			);
			defaultConfigurationIsVisible = 0;
			defaultConfigurationName = Release;
		};
		3079FAC31D96CAE100805373 /* Build configuration list for PBXNativeTarget "giftWrappTests" */ = {
			isa = XCConfigurationList;
			buildConfigurations = (
				3079FAC41D96CAE100805373 /* Debug */,
				3079FAC51D96CAE100805373 /* Release */,
			);
			defaultConfigurationIsVisible = 0;
			defaultConfigurationName = Release;
		};
		3079FAC61D96CAE100805373 /* Build configuration list for PBXNativeTarget "giftWrappUITests" */ = {
			isa = XCConfigurationList;
			buildConfigurations = (
				3079FAC71D96CAE100805373 /* Debug */,
				3079FAC81D96CAE100805373 /* Release */,
			);
			defaultConfigurationIsVisible = 0;
			defaultConfigurationName = Release;
		};
/* End XCConfigurationList section */
	};
	rootObject = 3079FA901D96CAE100805373 /* Project object */;
}
